// !$*UTF8*$!
{
	archiveVersion = 1;
	classes = {
	};
	objectVersion = 51;
	objects = {

/* Begin PBXBuildFile section */
		485F1FF66FFA9FC24921A490 /* Pods_BMI_Calculator.framework in Frameworks */ = {isa = PBXBuildFile; fileRef = A6E57D42299371AF72A0D42D /* Pods_BMI_Calculator.framework */; };
		C82F8FE3261415E500B99656 /* SideMenu.swift in Sources */ = {isa = PBXBuildFile; fileRef = C82F8FE2261415E500B99656 /* SideMenu.swift */; };
		C82F8FE62614169D00B99656 /* InfoViewController.swift in Sources */ = {isa = PBXBuildFile; fileRef = C82F8FE52614169D00B99656 /* InfoViewController.swift */; };
		C82F8FE92614176F00B99656 /* FootstepViewController.swift in Sources */ = {isa = PBXBuildFile; fileRef = C82F8FE82614176F00B99656 /* FootstepViewController.swift */; };
		C84022EE2583300200C67640 /* TrackerViewController.swift in Sources */ = {isa = PBXBuildFile; fileRef = C84022ED2583300200C67640 /* TrackerViewController.swift */; };
		C84022F02583658600C67640 /* DbHelper.swift in Sources */ = {isa = PBXBuildFile; fileRef = C84022EF2583658600C67640 /* DbHelper.swift */; };
		C84022F22583662000C67640 /* BMI.swift in Sources */ = {isa = PBXBuildFile; fileRef = C84022F12583662000C67640 /* BMI.swift */; };
		C8529DCF2582F289000093DA /* AppDelegate.swift in Sources */ = {isa = PBXBuildFile; fileRef = C8529DCE2582F289000093DA /* AppDelegate.swift */; };
		C8529DD12582F289000093DA /* SceneDelegate.swift in Sources */ = {isa = PBXBuildFile; fileRef = C8529DD02582F289000093DA /* SceneDelegate.swift */; };
		C8529DD32582F289000093DA /* ViewController.swift in Sources */ = {isa = PBXBuildFile; fileRef = C8529DD22582F289000093DA /* ViewController.swift */; };
		C8529DD62582F289000093DA /* Main.storyboard in Resources */ = {isa = PBXBuildFile; fileRef = C8529DD42582F289000093DA /* Main.storyboard */; };
		C8529DD82582F28B000093DA /* Assets.xcassets in Resources */ = {isa = PBXBuildFile; fileRef = C8529DD72582F28B000093DA /* Assets.xcassets */; };
		C8529DDB2582F28B000093DA /* LaunchScreen.storyboard in Resources */ = {isa = PBXBuildFile; fileRef = C8529DD92582F28B000093DA /* LaunchScreen.storyboard */; };
		C8529DE42582F37C000093DA /* libsqlite3.tbd in Frameworks */ = {isa = PBXBuildFile; fileRef = C8529DE32582F37C000093DA /* libsqlite3.tbd */; };
/* End PBXBuildFile section */

/* Begin PBXFileReference section */
		A3A7981FD58F8EB8D75A4F6A /* Pods-BMI-Calculator.debug.xcconfig */ = {isa = PBXFileReference; includeInIndex = 1; lastKnownFileType = text.xcconfig; name = "Pods-BMI-Calculator.debug.xcconfig"; path = "Target Support Files/Pods-BMI-Calculator/Pods-BMI-Calculator.debug.xcconfig"; sourceTree = "<group>"; };
		A6E57D42299371AF72A0D42D /* Pods_BMI_Calculator.framework */ = {isa = PBXFileReference; explicitFileType = wrapper.framework; includeInIndex = 0; path = Pods_BMI_Calculator.framework; sourceTree = BUILT_PRODUCTS_DIR; };
		C82F8FE2261415E500B99656 /* SideMenu.swift */ = {isa = PBXFileReference; lastKnownFileType = sourcecode.swift; path = SideMenu.swift; sourceTree = "<group>"; };
		C82F8FE52614169D00B99656 /* InfoViewController.swift */ = {isa = PBXFileReference; lastKnownFileType = sourcecode.swift; path = InfoViewController.swift; sourceTree = "<group>"; };
		C82F8FE82614176F00B99656 /* FootstepViewController.swift */ = {isa = PBXFileReference; lastKnownFileType = sourcecode.swift; path = FootstepViewController.swift; sourceTree = "<group>"; };
		C84022ED2583300200C67640 /* TrackerViewController.swift */ = {isa = PBXFileReference; lastKnownFileType = sourcecode.swift; path = TrackerViewController.swift; sourceTree = "<group>"; };
		C84022EF2583658600C67640 /* DbHelper.swift */ = {isa = PBXFileReference; lastKnownFileType = sourcecode.swift; path = DbHelper.swift; sourceTree = "<group>"; };
		C84022F12583662000C67640 /* BMI.swift */ = {isa = PBXFileReference; lastKnownFileType = sourcecode.swift; path = BMI.swift; sourceTree = "<group>"; };
		C8529DCB2582F289000093DA /* BMI-Calculator.app */ = {isa = PBXFileReference; explicitFileType = wrapper.application; includeInIndex = 0; path = "BMI-Calculator.app"; sourceTree = BUILT_PRODUCTS_DIR; };
		C8529DCE2582F289000093DA /* AppDelegate.swift */ = {isa = PBXFileReference; lastKnownFileType = sourcecode.swift; path = AppDelegate.swift; sourceTree = "<group>"; };
		C8529DD02582F289000093DA /* SceneDelegate.swift */ = {isa = PBXFileReference; lastKnownFileType = sourcecode.swift; path = SceneDelegate.swift; sourceTree = "<group>"; };
		C8529DD22582F289000093DA /* ViewController.swift */ = {isa = PBXFileReference; lastKnownFileType = sourcecode.swift; path = ViewController.swift; sourceTree = "<group>"; };
		C8529DD52582F289000093DA /* Base */ = {isa = PBXFileReference; lastKnownFileType = file.storyboard; name = Base; path = Base.lproj/Main.storyboard; sourceTree = "<group>"; };
		C8529DD72582F28B000093DA /* Assets.xcassets */ = {isa = PBXFileReference; lastKnownFileType = folder.assetcatalog; path = Assets.xcassets; sourceTree = "<group>"; };
		C8529DDA2582F28B000093DA /* Base */ = {isa = PBXFileReference; lastKnownFileType = file.storyboard; name = Base; path = Base.lproj/LaunchScreen.storyboard; sourceTree = "<group>"; };
		C8529DDC2582F28B000093DA /* Info.plist */ = {isa = PBXFileReference; lastKnownFileType = text.plist.xml; path = Info.plist; sourceTree = "<group>"; };
		C8529DE32582F37C000093DA /* libsqlite3.tbd */ = {isa = PBXFileReference; lastKnownFileType = "sourcecode.text-based-dylib-definition"; name = libsqlite3.tbd; path = usr/lib/libsqlite3.tbd; sourceTree = SDKROOT; };
		C8529DE52582F406000093DA /* BMI-Calculator-Bridging-Header.h */ = {isa = PBXFileReference; lastKnownFileType = sourcecode.c.h; path = "BMI-Calculator-Bridging-Header.h"; sourceTree = "<group>"; };
		D1F1AC1D13CF3187FBE08057 /* Pods-BMI-Calculator.release.xcconfig */ = {isa = PBXFileReference; includeInIndex = 1; lastKnownFileType = text.xcconfig; name = "Pods-BMI-Calculator.release.xcconfig"; path = "Target Support Files/Pods-BMI-Calculator/Pods-BMI-Calculator.release.xcconfig"; sourceTree = "<group>"; };
/* End PBXFileReference section */

/* Begin PBXFrameworksBuildPhase section */
		C8529DC82582F289000093DA /* Frameworks */ = {
			isa = PBXFrameworksBuildPhase;
			buildActionMask = 2147483647;
			files = (
				C8529DE42582F37C000093DA /* libsqlite3.tbd in Frameworks */,
				485F1FF66FFA9FC24921A490 /* Pods_BMI_Calculator.framework in Frameworks */,
			);
			runOnlyForDeploymentPostprocessing = 0;
		};
/* End PBXFrameworksBuildPhase section */

/* Begin PBXGroup section */
		5405CE0C8AC209BE32423CD8 /* Pods */ = {
			isa = PBXGroup;
			children = (
				A3A7981FD58F8EB8D75A4F6A /* Pods-BMI-Calculator.debug.xcconfig */,
				D1F1AC1D13CF3187FBE08057 /* Pods-BMI-Calculator.release.xcconfig */,
			);
			path = Pods;
			sourceTree = "<group>";
		};
		C8529DC22582F289000093DA = {
			isa = PBXGroup;
			children = (
				C8529DCD2582F289000093DA /* BMI-Calculator */,
				C8529DCC2582F289000093DA /* Products */,
				C8529DE22582F37C000093DA /* Frameworks */,
				C8529DE52582F406000093DA /* BMI-Calculator-Bridging-Header.h */,
				5405CE0C8AC209BE32423CD8 /* Pods */,
			);
			sourceTree = "<group>";
		};
		C8529DCC2582F289000093DA /* Products */ = {
			isa = PBXGroup;
			children = (
				C8529DCB2582F289000093DA /* BMI-Calculator.app */,
			);
			name = Products;
			sourceTree = "<group>";
		};
		C8529DCD2582F289000093DA /* BMI-Calculator */ = {
			isa = PBXGroup;
			children = (
				C8529DCE2582F289000093DA /* AppDelegate.swift */,
				C8529DD02582F289000093DA /* SceneDelegate.swift */,
				C8529DD22582F289000093DA /* ViewController.swift */,
				C8529DD42582F289000093DA /* Main.storyboard */,
				C84022EF2583658600C67640 /* DbHelper.swift */,
				C84022F12583662000C67640 /* BMI.swift */,
				C84022ED2583300200C67640 /* TrackerViewController.swift */,
				C8529DD72582F28B000093DA /* Assets.xcassets */,
				C8529DD92582F28B000093DA /* LaunchScreen.storyboard */,
				C8529DDC2582F28B000093DA /* Info.plist */,
				C82F8FE2261415E500B99656 /* SideMenu.swift */,
				C82F8FE52614169D00B99656 /* InfoViewController.swift */,
				C82F8FE82614176F00B99656 /* FootstepViewController.swift */,
			);
			path = "BMI-Calculator";
			sourceTree = "<group>";
		};
		C8529DE22582F37C000093DA /* Frameworks */ = {
			isa = PBXGroup;
			children = (
				C8529DE32582F37C000093DA /* libsqlite3.tbd */,
				A6E57D42299371AF72A0D42D /* Pods_BMI_Calculator.framework */,
			);
			name = Frameworks;
			sourceTree = "<group>";
		};
/* End PBXGroup section */

/* Begin PBXNativeTarget section */
		C8529DCA2582F289000093DA /* BMI-Calculator */ = {
			isa = PBXNativeTarget;
			buildConfigurationList = C8529DDF2582F28B000093DA /* Build configuration list for PBXNativeTarget "BMI-Calculator" */;
			buildPhases = (
				3C5A36E1FFB843805D32FD87 /* [CP] Check Pods Manifest.lock */,
				C8529DC72582F289000093DA /* Sources */,
				C8529DC82582F289000093DA /* Frameworks */,
				C8529DC92582F289000093DA /* Resources */,
				92A190887C9EE4452AA24F7E /* [CP] Embed Pods Frameworks */,
			);
			buildRules = (
			);
			dependencies = (
			);
			name = "BMI-Calculator";
			productName = "BMI-Calculator";
			productReference = C8529DCB2582F289000093DA /* BMI-Calculator.app */;
			productType = "com.apple.product-type.application";
		};
/* End PBXNativeTarget section */

/* Begin PBXProject section */
		C8529DC32582F289000093DA /* Project object */ = {
			isa = PBXProject;
			attributes = {
				LastSwiftUpdateCheck = 1170;
				LastUpgradeCheck = 1170;
				ORGANIZATIONNAME = "Juliana de Carvalho";
				TargetAttributes = {
					C8529DCA2582F289000093DA = {
						CreatedOnToolsVersion = 11.7;
						LastSwiftMigration = 1170;
					};
				};
			};
			buildConfigurationList = C8529DC62582F289000093DA /* Build configuration list for PBXProject "BMI-Calculator" */;
			compatibilityVersion = "Xcode 9.3";
			developmentRegion = en;
			hasScannedForEncodings = 0;
			knownRegions = (
				en,
				Base,
			);
			mainGroup = C8529DC22582F289000093DA;
			productRefGroup = C8529DCC2582F289000093DA /* Products */;
			projectDirPath = "";
			projectRoot = "";
			targets = (
				C8529DCA2582F289000093DA /* BMI-Calculator */,
			);
		};
/* End PBXProject section */

/* Begin PBXResourcesBuildPhase section */
		C8529DC92582F289000093DA /* Resources */ = {
			isa = PBXResourcesBuildPhase;
			buildActionMask = 2147483647;
			files = (
				C8529DDB2582F28B000093DA /* LaunchScreen.storyboard in Resources */,
				C8529DD82582F28B000093DA /* Assets.xcassets in Resources */,
				C8529DD62582F289000093DA /* Main.storyboard in Resources */,
			);
			runOnlyForDeploymentPostprocessing = 0;
		};
/* End PBXResourcesBuildPhase section */

/* Begin PBXShellScriptBuildPhase section */
		3C5A36E1FFB843805D32FD87 /* [CP] Check Pods Manifest.lock */ = {
			isa = PBXShellScriptBuildPhase;
			buildActionMask = 2147483647;
			files = (
			);
			inputFileListPaths = (
			);
			inputPaths = (
				"${PODS_PODFILE_DIR_PATH}/Podfile.lock",
				"${PODS_ROOT}/Manifest.lock",
			);
			name = "[CP] Check Pods Manifest.lock";
			outputFileListPaths = (
			);
			outputPaths = (
				"$(DERIVED_FILE_DIR)/Pods-BMI-Calculator-checkManifestLockResult.txt",
			);
			runOnlyForDeploymentPostprocessing = 0;
			shellPath = /bin/sh;
			shellScript = "diff \"${PODS_PODFILE_DIR_PATH}/Podfile.lock\" \"${PODS_ROOT}/Manifest.lock\" > /dev/null\nif [ $? != 0 ] ; then\n    # print error to STDERR\n    echo \"error: The sandbox is not in sync with the Podfile.lock. Run 'pod install' or update your CocoaPods installation.\" >&2\n    exit 1\nfi\n# This output is used by Xcode 'outputs' to avoid re-running this script phase.\necho \"SUCCESS\" > \"${SCRIPT_OUTPUT_FILE_0}\"\n";
			showEnvVarsInLog = 0;
		};
		92A190887C9EE4452AA24F7E /* [CP] Embed Pods Frameworks */ = {
			isa = PBXShellScriptBuildPhase;
			buildActionMask = 2147483647;
			files = (
			);
			inputFileListPaths = (
				"${PODS_ROOT}/Target Support Files/Pods-BMI-Calculator/Pods-BMI-Calculator-frameworks-${CONFIGURATION}-input-files.xcfilelist",
			);
			name = "[CP] Embed Pods Frameworks";
			outputFileListPaths = (
				"${PODS_ROOT}/Target Support Files/Pods-BMI-Calculator/Pods-BMI-Calculator-frameworks-${CONFIGURATION}-output-files.xcfilelist",
			);
			runOnlyForDeploymentPostprocessing = 0;
			shellPath = /bin/sh;
			shellScript = "\"${PODS_ROOT}/Target Support Files/Pods-BMI-Calculator/Pods-BMI-Calculator-frameworks.sh\"\n";
			showEnvVarsInLog = 0;
		};
/* End PBXShellScriptBuildPhase section */

/* Begin PBXSourcesBuildPhase section */
		C8529DC72582F289000093DA /* Sources */ = {
			isa = PBXSourcesBuildPhase;
			buildActionMask = 2147483647;
			files = (
				C8529DD32582F289000093DA /* ViewController.swift in Sources */,
				C82F8FE92614176F00B99656 /* FootstepViewController.swift in Sources */,
				C84022EE2583300200C67640 /* TrackerViewController.swift in Sources */,
				C8529DCF2582F289000093DA /* AppDelegate.swift in Sources */,
				C82F8FE3261415E500B99656 /* SideMenu.swift in Sources */,
				C84022F02583658600C67640 /* DbHelper.swift in Sources */,
				C84022F22583662000C67640 /* BMI.swift in Sources */,
				C82F8FE62614169D00B99656 /* InfoViewController.swift in Sources */,
				C8529DD12582F289000093DA /* SceneDelegate.swift in Sources */,
			);
			runOnlyForDeploymentPostprocessing = 0;
		};
/* End PBXSourcesBuildPhase section */

/* Begin PBXVariantGroup section */
		C8529DD42582F289000093DA /* Main.storyboard */ = {
			isa = PBXVariantGroup;
			children = (
				C8529DD52582F289000093DA /* Base */,
			);
			name = Main.storyboard;
			sourceTree = "<group>";
		};
		C8529DD92582F28B000093DA /* LaunchScreen.storyboard */ = {
			isa = PBXVariantGroup;
			children = (
				C8529DDA2582F28B000093DA /* Base */,
			);
			name = LaunchScreen.storyboard;
			sourceTree = "<group>";
		};
/* End PBXVariantGroup section */

/* Begin XCBuildConfiguration section */
		C8529DDD2582F28B000093DA /* Debug */ = {
			isa = XCBuildConfiguration;
			buildSettings = {
				ALWAYS_SEARCH_USER_PATHS = NO;
				CLANG_ANALYZER_NONNULL = YES;
				CLANG_ANALYZER_NUMBER_OBJECT_CONVERSION = YES_AGGRESSIVE;
				CLANG_CXX_LANGUAGE_STANDARD = "gnu++14";
				CLANG_CXX_LIBRARY = "libc++";
				CLANG_ENABLE_MODULES = YES;
				CLANG_ENABLE_OBJC_ARC = YES;
				CLANG_ENABLE_OBJC_WEAK = YES;
				CLANG_WARN_BLOCK_CAPTURE_AUTORELEASING = YES;
				CLANG_WARN_BOOL_CONVERSION = YES;
				CLANG_WARN_COMMA = YES;
				CLANG_WARN_CONSTANT_CONVERSION = YES;
				CLANG_WARN_DEPRECATED_OBJC_IMPLEMENTATIONS = YES;
				CLANG_WARN_DIRECT_OBJC_ISA_USAGE = YES_ERROR;
				CLANG_WARN_DOCUMENTATION_COMMENTS = YES;
				CLANG_WARN_EMPTY_BODY = YES;
				CLANG_WARN_ENUM_CONVERSION = YES;
				CLANG_WARN_INFINITE_RECURSION = YES;
				CLANG_WARN_INT_CONVERSION = YES;
				CLANG_WARN_NON_LITERAL_NULL_CONVERSION = YES;
				CLANG_WARN_OBJC_IMPLICIT_RETAIN_SELF = YES;
				CLANG_WARN_OBJC_LITERAL_CONVERSION = YES;
				CLANG_WARN_OBJC_ROOT_CLASS = YES_ERROR;
				CLANG_WARN_RANGE_LOOP_ANALYSIS = YES;
				CLANG_WARN_STRICT_PROTOTYPES = YES;
				CLANG_WARN_SUSPICIOUS_MOVE = YES;
				CLANG_WARN_UNGUARDED_AVAILABILITY = YES_AGGRESSIVE;
				CLANG_WARN_UNREACHABLE_CODE = YES;
				CLANG_WARN__DUPLICATE_METHOD_MATCH = YES;
				COPY_PHASE_STRIP = NO;
				DEBUG_INFORMATION_FORMAT = dwarf;
				ENABLE_STRICT_OBJC_MSGSEND = YES;
				ENABLE_TESTABILITY = YES;
				GCC_C_LANGUAGE_STANDARD = gnu11;
				GCC_DYNAMIC_NO_PIC = NO;
				GCC_NO_COMMON_BLOCKS = YES;
				GCC_OPTIMIZATION_LEVEL = 0;
				GCC_PREPROCESSOR_DEFINITIONS = (
					"DEBUG=1",
					"$(inherited)",
				);
				GCC_WARN_64_TO_32_BIT_CONVERSION = YES;
				GCC_WARN_ABOUT_RETURN_TYPE = YES_ERROR;
				GCC_WARN_UNDECLARED_SELECTOR = YES;
				GCC_WARN_UNINITIALIZED_AUTOS = YES_AGGRESSIVE;
				GCC_WARN_UNUSED_FUNCTION = YES;
				GCC_WARN_UNUSED_VARIABLE = YES;
				IPHONEOS_DEPLOYMENT_TARGET = 13.7;
				MTL_ENABLE_DEBUG_INFO = INCLUDE_SOURCE;
				MTL_FAST_MATH = YES;
				ONLY_ACTIVE_ARCH = YES;
				SDKROOT = iphoneos;
				SWIFT_ACTIVE_COMPILATION_CONDITIONS = DEBUG;
				SWIFT_OPTIMIZATION_LEVEL = "-Onone";
			};
			name = Debug;
		};
		C8529DDE2582F28B000093DA /* Release */ = {
			isa = XCBuildConfiguration;
			buildSettings = {
				ALWAYS_SEARCH_USER_PATHS = NO;
				CLANG_ANALYZER_NONNULL = YES;
				CLANG_ANALYZER_NUMBER_OBJECT_CONVERSION = YES_AGGRESSIVE;
				CLANG_CXX_LANGUAGE_STANDARD = "gnu++14";
				CLANG_CXX_LIBRARY = "libc++";
				CLANG_ENABLE_MODULES = YES;
				CLANG_ENABLE_OBJC_ARC = YES;
				CLANG_ENABLE_OBJC_WEAK = YES;
				CLANG_WARN_BLOCK_CAPTURE_AUTORELEASING = YES;
				CLANG_WARN_BOOL_CONVERSION = YES;
				CLANG_WARN_COMMA = YES;
				CLANG_WARN_CONSTANT_CONVERSION = YES;
				CLANG_WARN_DEPRECATED_OBJC_IMPLEMENTATIONS = YES;
				CLANG_WARN_DIRECT_OBJC_ISA_USAGE = YES_ERROR;
				CLANG_WARN_DOCUMENTATION_COMMENTS = YES;
				CLANG_WARN_EMPTY_BODY = YES;
				CLANG_WARN_ENUM_CONVERSION = YES;
				CLANG_WARN_INFINITE_RECURSION = YES;
				CLANG_WARN_INT_CONVERSION = YES;
				CLANG_WARN_NON_LITERAL_NULL_CONVERSION = YES;
				CLANG_WARN_OBJC_IMPLICIT_RETAIN_SELF = YES;
				CLANG_WARN_OBJC_LITERAL_CONVERSION = YES;
				CLANG_WARN_OBJC_ROOT_CLASS = YES_ERROR;
				CLANG_WARN_RANGE_LOOP_ANALYSIS = YES;
				CLANG_WARN_STRICT_PROTOTYPES = YES;
				CLANG_WARN_SUSPICIOUS_MOVE = YES;
				CLANG_WARN_UNGUARDED_AVAILABILITY = YES_AGGRESSIVE;
				CLANG_WARN_UNREACHABLE_CODE = YES;
				CLANG_WARN__DUPLICATE_METHOD_MATCH = YES;
				COPY_PHASE_STRIP = NO;
				DEBUG_INFORMATION_FORMAT = "dwarf-with-dsym";
				ENABLE_NS_ASSERTIONS = NO;
				ENABLE_STRICT_OBJC_MSGSEND = YES;
				GCC_C_LANGUAGE_STANDARD = gnu11;
				GCC_NO_COMMON_BLOCKS = YES;
				GCC_WARN_64_TO_32_BIT_CONVERSION = YES;
				GCC_WARN_ABOUT_RETURN_TYPE = YES_ERROR;
				GCC_WARN_UNDECLARED_SELECTOR = YES;
				GCC_WARN_UNINITIALIZED_AUTOS = YES_AGGRESSIVE;
				GCC_WARN_UNUSED_FUNCTION = YES;
				GCC_WARN_UNUSED_VARIABLE = YES;
				IPHONEOS_DEPLOYMENT_TARGET = 13.7;
				MTL_ENABLE_DEBUG_INFO = NO;
				MTL_FAST_MATH = YES;
				SDKROOT = iphoneos;
				SWIFT_COMPILATION_MODE = wholemodule;
				SWIFT_OPTIMIZATION_LEVEL = "-O";
				VALIDATE_PRODUCT = YES;
			};
			name = Release;
		};
		C8529DE02582F28B000093DA /* Debug */ = {
			isa = XCBuildConfiguration;
			baseConfigurationReference = A3A7981FD58F8EB8D75A4F6A /* Pods-BMI-Calculator.debug.xcconfig */;
			buildSettings = {
				ASSETCATALOG_COMPILER_APPICON_NAME = AppIcon;
				CLANG_ENABLE_MODULES = YES;
				CODE_SIGN_STYLE = Automatic;
				DEVELOPMENT_TEAM = R6FT28YTB3;
				INFOPLIST_FILE = "BMI-Calculator/Info.plist";
				LD_RUNPATH_SEARCH_PATHS = (
					"$(inherited)",
					"@executable_path/Frameworks",
				);
				PRODUCT_BUNDLE_IDENTIFIER = "com.julianacarvalho.BMI-Calculator";
				PRODUCT_NAME = "$(TARGET_NAME)";
				SWIFT_OBJC_BRIDGING_HEADER = "BMI-Calculator-Bridging-Header.h";
				SWIFT_OPTIMIZATION_LEVEL = "-Onone";
				SWIFT_VERSION = 5.0;
				TARGETED_DEVICE_FAMILY = "1,2";
			};
			name = Debug;
		};
		C8529DE12582F28B000093DA /* Release */ = {
			isa = XCBuildConfiguration;
			baseConfigurationReference = D1F1AC1D13CF3187FBE08057 /* Pods-BMI-Calculator.release.xcconfig */;
			buildSettings = {
				ASSETCATALOG_COMPILER_APPICON_NAME = AppIcon;
				CLANG_ENABLE_MODULES = YES;
				CODE_SIGN_STYLE = Automatic;
				DEVELOPMENT_TEAM = R6FT28YTB3;
				INFOPLIST_FILE = "BMI-Calculator/Info.plist";
				LD_RUNPATH_SEARCH_PATHS = (
					"$(inherited)",
					"@executable_path/Frameworks",
				);
				PRODUCT_BUNDLE_IDENTIFIER = "com.julianacarvalho.BMI-Calculator";
				PRODUCT_NAME = "$(TARGET_NAME)";
				SWIFT_OBJC_BRIDGING_HEADER = "BMI-Calculator-Bridging-Header.h";
				SWIFT_VERSION = 5.0;
				TARGETED_DEVICE_FAMILY = "1,2";
			};
			name = Release;
		};
/* End XCBuildConfiguration section */

/* Begin XCConfigurationList section */
		C8529DC62582F289000093DA /* Build configuration list for PBXProject "BMI-Calculator" */ = {
			isa = XCConfigurationList;
			buildConfigurations = (
				C8529DDD2582F28B000093DA /* Debug */,
				C8529DDE2582F28B000093DA /* Release */,
			);
			defaultConfigurationIsVisible = 0;
			defaultConfigurationName = Release;
		};
		C8529DDF2582F28B000093DA /* Build configuration list for PBXNativeTarget "BMI-Calculator" */ = {
			isa = XCConfigurationList;
			buildConfigurations = (
				C8529DE02582F28B000093DA /* Debug */,
				C8529DE12582F28B000093DA /* Release */,
			);
			defaultConfigurationIsVisible = 0;
			defaultConfigurationName = Release;
		};
/* End XCConfigurationList section */
	};
	rootObject = C8529DC32582F289000093DA /* Project object */;
}
